// !$*UTF8*$!
{
	archiveVersion = 1;
	classes = {
	};
	objectVersion = 56;
	objects = {

/* Begin PBXAggregateTarget section */
		C97D217B289E849300F007F8 /* XCFramework */ = {
			isa = PBXAggregateTarget;
			buildConfigurationList = C97D217C289E849300F007F8 /* Build configuration list for PBXAggregateTarget "XCFramework" */;
			buildPhases = (
				C97D2181289E84A200F007F8 /* Build XCFramework */,
			);
			dependencies = (
				C97D2180289E849B00F007F8 /* PBXTargetDependency */,
			);
			name = XCFramework;
			productName = XCFramework;
		};
/* End PBXAggregateTarget section */

/* Begin PBXBuildFile section */
		C9285FA428A155B70071B04B /* ProcessServiceServer in Frameworks */ = {isa = PBXBuildFile; productRef = C9285FA328A155B70071B04B /* ProcessServiceServer */; };
		C9285FA828A15E910071B04B /* ProcessServiceClient in Frameworks */ = {isa = PBXBuildFile; productRef = C9285FA728A15E910071B04B /* ProcessServiceClient */; };
		C9285FB428A168270071B04B /* Exports.swift in Sources */ = {isa = PBXBuildFile; fileRef = C9285FB328A168270071B04B /* Exports.swift */; };
		C97D2134289E712800F007F8 /* ChimeKit.docc in Sources */ = {isa = PBXBuildFile; fileRef = C97D2133289E712800F007F8 /* ChimeKit.docc */; };
		C97D2154289E757000F007F8 /* ConcurrencyPlus in Frameworks */ = {isa = PBXBuildFile; productRef = C97D2153289E757000F007F8 /* ConcurrencyPlus */; };
		C97D2192289E898A00F007F8 /* ProcessService.xpc in Embed XPC Services */ = {isa = PBXBuildFile; fileRef = C97D2187289E898A00F007F8 /* ProcessService.xpc */; settings = {ATTRIBUTES = (RemoveHeadersOnCopy, ); }; };
		C97D21AC289EA73100F007F8 /* ProcessEnv in Frameworks */ = {isa = PBXBuildFile; productRef = C97D21AB289EA73100F007F8 /* ProcessEnv */; };
		C97D220128A11D0200F007F8 /* main.swift in Sources */ = {isa = PBXBuildFile; fileRef = C97D21FF28A11D0200F007F8 /* main.swift */; };
		C97D220E28A11F2900F007F8 /* ProcessEnv in Frameworks */ = {isa = PBXBuildFile; productRef = C97D220D28A11F2900F007F8 /* ProcessEnv */; };
/* End PBXBuildFile section */

/* Begin PBXContainerItemProxy section */
		C97D217F289E849B00F007F8 /* PBXContainerItemProxy */ = {
			isa = PBXContainerItemProxy;
			containerPortal = C97D2126289E712800F007F8 /* Project object */;
			proxyType = 1;
			remoteGlobalIDString = C97D212E289E712800F007F8;
			remoteInfo = ChimeKit;
		};
		C97D2190289E898A00F007F8 /* PBXContainerItemProxy */ = {
			isa = PBXContainerItemProxy;
			containerPortal = C97D2126289E712800F007F8 /* Project object */;
			proxyType = 1;
			remoteGlobalIDString = C97D2186289E898A00F007F8;
			remoteInfo = ProcessService;
		};
/* End PBXContainerItemProxy section */

/* Begin PBXCopyFilesBuildPhase section */
		C97D2196289E898A00F007F8 /* Embed XPC Services */ = {
			isa = PBXCopyFilesBuildPhase;
			buildActionMask = 2147483647;
			dstPath = "$(CONTENTS_FOLDER_PATH)/XPCServices";
			dstSubfolderSpec = 16;
			files = (
				C97D2192289E898A00F007F8 /* ProcessService.xpc in Embed XPC Services */,
			);
			name = "Embed XPC Services";
			runOnlyForDeploymentPostprocessing = 0;
		};
/* End PBXCopyFilesBuildPhase section */

/* Begin PBXFileReference section */
		C9285FA028A155910071B04B /* ProcessService */ = {isa = PBXFileReference; lastKnownFileType = wrapper; name = ProcessService; path = ../ProcessService; sourceTree = "<group>"; };
		C9285FB328A168270071B04B /* Exports.swift */ = {isa = PBXFileReference; lastKnownFileType = sourcecode.swift; path = Exports.swift; sourceTree = "<group>"; };
		C97D212F289E712800F007F8 /* ChimeKit.framework */ = {isa = PBXFileReference; explicitFileType = wrapper.framework; includeInIndex = 0; path = ChimeKit.framework; sourceTree = BUILT_PRODUCTS_DIR; };
		C97D2133289E712800F007F8 /* ChimeKit.docc */ = {isa = PBXFileReference; lastKnownFileType = folder.documentationcatalog; path = ChimeKit.docc; sourceTree = "<group>"; };
		C97D2182289E85F300F007F8 /* ChimeKit.xcconfig */ = {isa = PBXFileReference; lastKnownFileType = text.xcconfig; path = ChimeKit.xcconfig; sourceTree = "<group>"; };
		C97D2187289E898A00F007F8 /* ProcessService.xpc */ = {isa = PBXFileReference; explicitFileType = "wrapper.xpc-service"; includeInIndex = 0; path = ProcessService.xpc; sourceTree = BUILT_PRODUCTS_DIR; };
		C97D218F289E898A00F007F8 /* Info.plist */ = {isa = PBXFileReference; lastKnownFileType = text.plist.xml; path = Info.plist; sourceTree = "<group>"; };
		C97D21FE28A11CFA00F007F8 /* ProcessService.xcconfig */ = {isa = PBXFileReference; lastKnownFileType = text.xcconfig; path = ProcessService.xcconfig; sourceTree = "<group>"; };
		C97D21FF28A11D0200F007F8 /* main.swift */ = {isa = PBXFileReference; fileEncoding = 4; lastKnownFileType = sourcecode.swift; path = main.swift; sourceTree = "<group>"; };
		C97D220328A11D0B00F007F8 /* ProcessService.entitlements */ = {isa = PBXFileReference; lastKnownFileType = text.plist.entitlements; path = ProcessService.entitlements; sourceTree = "<group>"; };
		C97D220428A11D4400F007F8 /* Project.xcconfig */ = {isa = PBXFileReference; lastKnownFileType = text.xcconfig; path = Project.xcconfig; sourceTree = "<group>"; };
/* End PBXFileReference section */

/* Begin PBXFrameworksBuildPhase section */
		C97D212C289E712800F007F8 /* Frameworks */ = {
			isa = PBXFrameworksBuildPhase;
			buildActionMask = 2147483647;
			files = (
				C97D220E28A11F2900F007F8 /* ProcessEnv in Frameworks */,
				C97D2154289E757000F007F8 /* ConcurrencyPlus in Frameworks */,
				C9285FA828A15E910071B04B /* ProcessServiceClient in Frameworks */,
			);
			runOnlyForDeploymentPostprocessing = 0;
		};
		C97D2184289E898A00F007F8 /* Frameworks */ = {
			isa = PBXFrameworksBuildPhase;
			buildActionMask = 2147483647;
			files = (
				C97D21AC289EA73100F007F8 /* ProcessEnv in Frameworks */,
				C9285FA428A155B70071B04B /* ProcessServiceServer in Frameworks */,
			);
			runOnlyForDeploymentPostprocessing = 0;
		};
/* End PBXFrameworksBuildPhase section */

/* Begin PBXGroup section */
		C97D2125289E712800F007F8 = {
			isa = PBXGroup;
			children = (
				C9285FA028A155910071B04B /* ProcessService */,
				C97D220428A11D4400F007F8 /* Project.xcconfig */,
				C97D2131289E712800F007F8 /* ChimeKit */,
				C97D2188289E898A00F007F8 /* ProcessService */,
				C97D2130289E712800F007F8 /* Products */,
				C97D220C28A11F2900F007F8 /* Frameworks */,
			);
			sourceTree = "<group>";
		};
		C97D2130289E712800F007F8 /* Products */ = {
			isa = PBXGroup;
			children = (
				C97D212F289E712800F007F8 /* ChimeKit.framework */,
				C97D2187289E898A00F007F8 /* ProcessService.xpc */,
			);
			name = Products;
			sourceTree = "<group>";
		};
		C97D2131289E712800F007F8 /* ChimeKit */ = {
			isa = PBXGroup;
			children = (
				C97D2133289E712800F007F8 /* ChimeKit.docc */,
				C97D2182289E85F300F007F8 /* ChimeKit.xcconfig */,
				C9285FB328A168270071B04B /* Exports.swift */,
			);
			path = ChimeKit;
			sourceTree = "<group>";
		};
		C97D2188289E898A00F007F8 /* ProcessService */ = {
			isa = PBXGroup;
			children = (
				C97D220328A11D0B00F007F8 /* ProcessService.entitlements */,
				C97D21FF28A11D0200F007F8 /* main.swift */,
				C97D21FE28A11CFA00F007F8 /* ProcessService.xcconfig */,
				C97D218F289E898A00F007F8 /* Info.plist */,
			);
			path = ProcessService;
			sourceTree = "<group>";
		};
		C97D220C28A11F2900F007F8 /* Frameworks */ = {
			isa = PBXGroup;
			children = (
			);
			name = Frameworks;
			sourceTree = "<group>";
		};
/* End PBXGroup section */

/* Begin PBXHeadersBuildPhase section */
		C97D212A289E712800F007F8 /* Headers */ = {
			isa = PBXHeadersBuildPhase;
			buildActionMask = 2147483647;
			files = (
			);
			runOnlyForDeploymentPostprocessing = 0;
		};
/* End PBXHeadersBuildPhase section */

/* Begin PBXNativeTarget section */
		C97D212E289E712800F007F8 /* ChimeKit */ = {
			isa = PBXNativeTarget;
			buildConfigurationList = C97D2143289E712800F007F8 /* Build configuration list for PBXNativeTarget "ChimeKit" */;
			buildPhases = (
				C97D212A289E712800F007F8 /* Headers */,
				C97D212B289E712800F007F8 /* Sources */,
				C97D212C289E712800F007F8 /* Frameworks */,
				C97D212D289E712800F007F8 /* Resources */,
				C97D2196289E898A00F007F8 /* Embed XPC Services */,
			);
			buildRules = (
			);
			dependencies = (
				C9285FB628A169E50071B04B /* PBXTargetDependency */,
				C9285FAD28A15F220071B04B /* PBXTargetDependency */,
				C9285FA628A15E8B0071B04B /* PBXTargetDependency */,
				C97D220B28A11F2400F007F8 /* PBXTargetDependency */,
				C97D220928A11F2200F007F8 /* PBXTargetDependency */,
				C97D2191289E898A00F007F8 /* PBXTargetDependency */,
			);
			name = ChimeKit;
			packageProductDependencies = (
				C97D2153289E757000F007F8 /* ConcurrencyPlus */,
				C97D220D28A11F2900F007F8 /* ProcessEnv */,
				C9285FA728A15E910071B04B /* ProcessServiceClient */,
			);
			productName = ChimeKit;
			productReference = C97D212F289E712800F007F8 /* ChimeKit.framework */;
			productType = "com.apple.product-type.framework";
		};
		C97D2186289E898A00F007F8 /* ProcessService */ = {
			isa = PBXNativeTarget;
			buildConfigurationList = C97D2193289E898A00F007F8 /* Build configuration list for PBXNativeTarget "ProcessService" */;
			buildPhases = (
				C97D2183289E898A00F007F8 /* Sources */,
				C97D2184289E898A00F007F8 /* Frameworks */,
				C97D2185289E898A00F007F8 /* Resources */,
			);
			buildRules = (
			);
			dependencies = (
				C9285FA228A155B20071B04B /* PBXTargetDependency */,
			);
			name = ProcessService;
			packageProductDependencies = (
				C97D21AB289EA73100F007F8 /* ProcessEnv */,
				C9285FA328A155B70071B04B /* ProcessServiceServer */,
			);
			productName = ProcessService;
			productReference = C97D2187289E898A00F007F8 /* ProcessService.xpc */;
			productType = "com.apple.product-type.xpc-service";
		};
/* End PBXNativeTarget section */

/* Begin PBXProject section */
		C97D2126289E712800F007F8 /* Project object */ = {
			isa = PBXProject;
			attributes = {
				BuildIndependentTargetsInParallel = 1;
				LastSwiftUpdateCheck = 1400;
				LastUpgradeCheck = 1400;
				TargetAttributes = {
					C97D212E289E712800F007F8 = {
						CreatedOnToolsVersion = 14.0;
					};
					C97D217B289E849300F007F8 = {
						CreatedOnToolsVersion = 14.0;
					};
					C97D2186289E898A00F007F8 = {
						CreatedOnToolsVersion = 14.0;
					};
				};
			};
			buildConfigurationList = C97D2129289E712800F007F8 /* Build configuration list for PBXProject "ChimeKit" */;
			compatibilityVersion = "Xcode 14.0";
			developmentRegion = en;
			hasScannedForEncodings = 0;
			knownRegions = (
				en,
				Base,
			);
			mainGroup = C97D2125289E712800F007F8;
			packageReferences = (
				C97D2152289E757000F007F8 /* XCRemoteSwiftPackageReference "ConcurrencyPlus" */,
				C97D21AA289EA73100F007F8 /* XCRemoteSwiftPackageReference "ProcessEnv" */,
				C9930B2F28A3C3A1009227E6 /* XCRemoteSwiftPackageReference "ChimeKit" */,
			);
			productRefGroup = C97D2130289E712800F007F8 /* Products */;
			projectDirPath = "";
			projectRoot = "";
			targets = (
				C97D212E289E712800F007F8 /* ChimeKit */,
				C97D217B289E849300F007F8 /* XCFramework */,
				C97D2186289E898A00F007F8 /* ProcessService */,
			);
		};
/* End PBXProject section */

/* Begin PBXResourcesBuildPhase section */
		C97D212D289E712800F007F8 /* Resources */ = {
			isa = PBXResourcesBuildPhase;
			buildActionMask = 2147483647;
			files = (
			);
			runOnlyForDeploymentPostprocessing = 0;
		};
		C97D2185289E898A00F007F8 /* Resources */ = {
			isa = PBXResourcesBuildPhase;
			buildActionMask = 2147483647;
			files = (
			);
			runOnlyForDeploymentPostprocessing = 0;
		};
/* End PBXResourcesBuildPhase section */

/* Begin PBXShellScriptBuildPhase section */
		C97D2181289E84A200F007F8 /* Build XCFramework */ = {
			isa = PBXShellScriptBuildPhase;
			buildActionMask = 2147483647;
			files = (
			);
			inputFileListPaths = (
			);
			inputPaths = (
				"${BUILT_PRODUCTS_DIR}/ChimeKit.framework",
			);
			name = "Build XCFramework";
			outputFileListPaths = (
			);
			outputPaths = (
				"$(SRCROOT)/ChimeKit.xcframework",
			);
			runOnlyForDeploymentPostprocessing = 0;
			shellPath = /bin/sh;
			shellScript = "set -uxo pipefail\n\nrm -rf ${SRCROOT}/ChimeKit.xcframework\nxcodebuild -create-xcframework -framework ${BUILT_PRODUCTS_DIR}/ChimeKit.framework -output ${SRCROOT}/ChimeKit.xcframework\n";
		};
/* End PBXShellScriptBuildPhase section */

/* Begin PBXSourcesBuildPhase section */
		C97D212B289E712800F007F8 /* Sources */ = {
			isa = PBXSourcesBuildPhase;
			buildActionMask = 2147483647;
			files = (
				C97D2134289E712800F007F8 /* ChimeKit.docc in Sources */,
				C9285FB428A168270071B04B /* Exports.swift in Sources */,
			);
			runOnlyForDeploymentPostprocessing = 0;
		};
		C97D2183289E898A00F007F8 /* Sources */ = {
			isa = PBXSourcesBuildPhase;
			buildActionMask = 2147483647;
			files = (
				C97D220128A11D0200F007F8 /* main.swift in Sources */,
			);
			runOnlyForDeploymentPostprocessing = 0;
		};
/* End PBXSourcesBuildPhase section */

/* Begin PBXTargetDependency section */
		C9285FA228A155B20071B04B /* PBXTargetDependency */ = {
			isa = PBXTargetDependency;
			productRef = C9285FA128A155B20071B04B /* ProcessServiceServer */;
		};
		C9285FA628A15E8B0071B04B /* PBXTargetDependency */ = {
			isa = PBXTargetDependency;
			productRef = C9285FA528A15E8B0071B04B /* ProcessServiceClient */;
		};
		C9285FAD28A15F220071B04B /* PBXTargetDependency */ = {
			isa = PBXTargetDependency;
			productRef = C9285FAC28A15F220071B04B /* ChimeExtensionInterface */;
		};
		C9285FB628A169E50071B04B /* PBXTargetDependency */ = {
			isa = PBXTargetDependency;
			productRef = C9285FB528A169E50071B04B /* ChimeLSPAdapter */;
		};
		C97D2180289E849B00F007F8 /* PBXTargetDependency */ = {
			isa = PBXTargetDependency;
			target = C97D212E289E712800F007F8 /* ChimeKit */;
			targetProxy = C97D217F289E849B00F007F8 /* PBXContainerItemProxy */;
		};
		C97D2191289E898A00F007F8 /* PBXTargetDependency */ = {
			isa = PBXTargetDependency;
			target = C97D2186289E898A00F007F8 /* ProcessService */;
			targetProxy = C97D2190289E898A00F007F8 /* PBXContainerItemProxy */;
		};
		C97D220928A11F2200F007F8 /* PBXTargetDependency */ = {
			isa = PBXTargetDependency;
			productRef = C97D220828A11F2200F007F8 /* ConcurrencyPlus */;
		};
		C97D220B28A11F2400F007F8 /* PBXTargetDependency */ = {
			isa = PBXTargetDependency;
			productRef = C97D220A28A11F2400F007F8 /* ProcessEnv */;
		};
/* End PBXTargetDependency section */

/* Begin XCBuildConfiguration section */
		C97D2141289E712800F007F8 /* Debug */ = {
			isa = XCBuildConfiguration;
			baseConfigurationReference = C97D220428A11D4400F007F8 /* Project.xcconfig */;
			buildSettings = {
				ALWAYS_SEARCH_USER_PATHS = NO;
				CLANG_ANALYZER_NONNULL = YES;
				CLANG_ANALYZER_NUMBER_OBJECT_CONVERSION = YES_AGGRESSIVE;
				CLANG_CXX_LANGUAGE_STANDARD = "gnu++20";
				CLANG_ENABLE_MODULES = YES;
				CLANG_ENABLE_OBJC_ARC = YES;
				CLANG_ENABLE_OBJC_WEAK = YES;
				CLANG_WARN_BLOCK_CAPTURE_AUTORELEASING = YES;
				CLANG_WARN_BOOL_CONVERSION = YES;
				CLANG_WARN_COMMA = YES;
				CLANG_WARN_CONSTANT_CONVERSION = YES;
				CLANG_WARN_DEPRECATED_OBJC_IMPLEMENTATIONS = YES;
				CLANG_WARN_DIRECT_OBJC_ISA_USAGE = YES_ERROR;
				CLANG_WARN_DOCUMENTATION_COMMENTS = YES;
				CLANG_WARN_EMPTY_BODY = YES;
				CLANG_WARN_ENUM_CONVERSION = YES;
				CLANG_WARN_INFINITE_RECURSION = YES;
				CLANG_WARN_INT_CONVERSION = YES;
				CLANG_WARN_NON_LITERAL_NULL_CONVERSION = YES;
				CLANG_WARN_OBJC_IMPLICIT_RETAIN_SELF = YES;
				CLANG_WARN_OBJC_LITERAL_CONVERSION = YES;
				CLANG_WARN_OBJC_ROOT_CLASS = YES_ERROR;
				CLANG_WARN_QUOTED_INCLUDE_IN_FRAMEWORK_HEADER = YES;
				CLANG_WARN_RANGE_LOOP_ANALYSIS = YES;
				CLANG_WARN_STRICT_PROTOTYPES = YES;
				CLANG_WARN_SUSPICIOUS_MOVE = YES;
				CLANG_WARN_UNGUARDED_AVAILABILITY = YES_AGGRESSIVE;
				CLANG_WARN_UNREACHABLE_CODE = YES;
				CLANG_WARN__DUPLICATE_METHOD_MATCH = YES;
				COPY_PHASE_STRIP = NO;
				CURRENT_PROJECT_VERSION = 1;
				DEBUG_INFORMATION_FORMAT = dwarf;
				ENABLE_STRICT_OBJC_MSGSEND = YES;
				ENABLE_TESTABILITY = YES;
				GCC_C_LANGUAGE_STANDARD = gnu11;
				GCC_DYNAMIC_NO_PIC = NO;
				GCC_NO_COMMON_BLOCKS = YES;
				GCC_OPTIMIZATION_LEVEL = 0;
				GCC_PREPROCESSOR_DEFINITIONS = (
					"DEBUG=1",
					"$(inherited)",
				);
				GCC_WARN_64_TO_32_BIT_CONVERSION = YES;
				GCC_WARN_ABOUT_RETURN_TYPE = YES_ERROR;
				GCC_WARN_UNDECLARED_SELECTOR = YES;
				GCC_WARN_UNINITIALIZED_AUTOS = YES_AGGRESSIVE;
				GCC_WARN_UNUSED_FUNCTION = YES;
				GCC_WARN_UNUSED_VARIABLE = YES;
				MACOSX_DEPLOYMENT_TARGET = 13.0;
				MTL_ENABLE_DEBUG_INFO = INCLUDE_SOURCE;
				MTL_FAST_MATH = YES;
				ONLY_ACTIVE_ARCH = YES;
				SDKROOT = macosx;
				SWIFT_ACTIVE_COMPILATION_CONDITIONS = DEBUG;
				SWIFT_OPTIMIZATION_LEVEL = "-Onone";
				VERSIONING_SYSTEM = "apple-generic";
				VERSION_INFO_PREFIX = "";
			};
			name = Debug;
		};
		C97D2142289E712800F007F8 /* Release */ = {
			isa = XCBuildConfiguration;
			baseConfigurationReference = C97D220428A11D4400F007F8 /* Project.xcconfig */;
			buildSettings = {
				ALWAYS_SEARCH_USER_PATHS = NO;
				CLANG_ANALYZER_NONNULL = YES;
				CLANG_ANALYZER_NUMBER_OBJECT_CONVERSION = YES_AGGRESSIVE;
				CLANG_CXX_LANGUAGE_STANDARD = "gnu++20";
				CLANG_ENABLE_MODULES = YES;
				CLANG_ENABLE_OBJC_ARC = YES;
				CLANG_ENABLE_OBJC_WEAK = YES;
				CLANG_WARN_BLOCK_CAPTURE_AUTORELEASING = YES;
				CLANG_WARN_BOOL_CONVERSION = YES;
				CLANG_WARN_COMMA = YES;
				CLANG_WARN_CONSTANT_CONVERSION = YES;
				CLANG_WARN_DEPRECATED_OBJC_IMPLEMENTATIONS = YES;
				CLANG_WARN_DIRECT_OBJC_ISA_USAGE = YES_ERROR;
				CLANG_WARN_DOCUMENTATION_COMMENTS = YES;
				CLANG_WARN_EMPTY_BODY = YES;
				CLANG_WARN_ENUM_CONVERSION = YES;
				CLANG_WARN_INFINITE_RECURSION = YES;
				CLANG_WARN_INT_CONVERSION = YES;
				CLANG_WARN_NON_LITERAL_NULL_CONVERSION = YES;
				CLANG_WARN_OBJC_IMPLICIT_RETAIN_SELF = YES;
				CLANG_WARN_OBJC_LITERAL_CONVERSION = YES;
				CLANG_WARN_OBJC_ROOT_CLASS = YES_ERROR;
				CLANG_WARN_QUOTED_INCLUDE_IN_FRAMEWORK_HEADER = YES;
				CLANG_WARN_RANGE_LOOP_ANALYSIS = YES;
				CLANG_WARN_STRICT_PROTOTYPES = YES;
				CLANG_WARN_SUSPICIOUS_MOVE = YES;
				CLANG_WARN_UNGUARDED_AVAILABILITY = YES_AGGRESSIVE;
				CLANG_WARN_UNREACHABLE_CODE = YES;
				CLANG_WARN__DUPLICATE_METHOD_MATCH = YES;
				COPY_PHASE_STRIP = NO;
				CURRENT_PROJECT_VERSION = 1;
				DEBUG_INFORMATION_FORMAT = "dwarf-with-dsym";
				ENABLE_NS_ASSERTIONS = NO;
				ENABLE_STRICT_OBJC_MSGSEND = YES;
				GCC_C_LANGUAGE_STANDARD = gnu11;
				GCC_NO_COMMON_BLOCKS = YES;
				GCC_WARN_64_TO_32_BIT_CONVERSION = YES;
				GCC_WARN_ABOUT_RETURN_TYPE = YES_ERROR;
				GCC_WARN_UNDECLARED_SELECTOR = YES;
				GCC_WARN_UNINITIALIZED_AUTOS = YES_AGGRESSIVE;
				GCC_WARN_UNUSED_FUNCTION = YES;
				GCC_WARN_UNUSED_VARIABLE = YES;
				MACOSX_DEPLOYMENT_TARGET = 13.0;
				MTL_ENABLE_DEBUG_INFO = NO;
				MTL_FAST_MATH = YES;
				SDKROOT = macosx;
				SWIFT_COMPILATION_MODE = wholemodule;
				SWIFT_OPTIMIZATION_LEVEL = "-O";
				VERSIONING_SYSTEM = "apple-generic";
				VERSION_INFO_PREFIX = "";
			};
			name = Release;
		};
		C97D2144289E712800F007F8 /* Debug */ = {
			isa = XCBuildConfiguration;
			baseConfigurationReference = C97D2182289E85F300F007F8 /* ChimeKit.xcconfig */;
			buildSettings = {
				CODE_SIGN_STYLE = Automatic;
				COMBINE_HIDPI_IMAGES = YES;
				CURRENT_PROJECT_VERSION = 1;
				DEFINES_MODULE = YES;
				DEVELOPMENT_TEAM = 77X93NZ3G2;
				DYLIB_COMPATIBILITY_VERSION = 1;
				DYLIB_CURRENT_VERSION = 1;
				DYLIB_INSTALL_NAME_BASE = "@rpath";
				GENERATE_INFOPLIST_FILE = YES;
				INFOPLIST_KEY_NSHumanReadableCopyright = "";
				INSTALL_PATH = "$(LOCAL_LIBRARY_DIR)/Frameworks";
				LD_RUNPATH_SEARCH_PATHS = (
					"$(inherited)",
					"@executable_path/../Frameworks",
					"@loader_path/Frameworks",
				);
				MARKETING_VERSION = 1.0;
				PRODUCT_BUNDLE_IDENTIFIER = com.chimehq.ChimeKit;
				PRODUCT_NAME = "$(TARGET_NAME:c99extidentifier)";
				SKIP_INSTALL = YES;
				SWIFT_EMIT_LOC_STRINGS = YES;
			};
			name = Debug;
		};
		C97D2145289E712800F007F8 /* Release */ = {
			isa = XCBuildConfiguration;
			baseConfigurationReference = C97D2182289E85F300F007F8 /* ChimeKit.xcconfig */;
			buildSettings = {
				CODE_SIGN_STYLE = Automatic;
				COMBINE_HIDPI_IMAGES = YES;
				CURRENT_PROJECT_VERSION = 1;
				DEFINES_MODULE = YES;
				DEVELOPMENT_TEAM = 77X93NZ3G2;
				DYLIB_COMPATIBILITY_VERSION = 1;
				DYLIB_CURRENT_VERSION = 1;
				DYLIB_INSTALL_NAME_BASE = "@rpath";
				GENERATE_INFOPLIST_FILE = YES;
				INFOPLIST_KEY_NSHumanReadableCopyright = "";
				INSTALL_PATH = "$(LOCAL_LIBRARY_DIR)/Frameworks";
				LD_RUNPATH_SEARCH_PATHS = (
					"$(inherited)",
					"@executable_path/../Frameworks",
					"@loader_path/Frameworks",
				);
				MARKETING_VERSION = 1.0;
				PRODUCT_BUNDLE_IDENTIFIER = com.chimehq.ChimeKit;
				PRODUCT_NAME = "$(TARGET_NAME:c99extidentifier)";
				SKIP_INSTALL = YES;
				SWIFT_EMIT_LOC_STRINGS = YES;
			};
			name = Release;
		};
		C97D217D289E849300F007F8 /* Debug */ = {
			isa = XCBuildConfiguration;
			buildSettings = {
				CODE_SIGN_STYLE = Automatic;
				DEVELOPMENT_TEAM = 77X93NZ3G2;
				PRODUCT_NAME = "$(TARGET_NAME)";
			};
			name = Debug;
		};
		C97D217E289E849300F007F8 /* Release */ = {
			isa = XCBuildConfiguration;
			buildSettings = {
				CODE_SIGN_STYLE = Automatic;
				DEVELOPMENT_TEAM = 77X93NZ3G2;
				PRODUCT_NAME = "$(TARGET_NAME)";
			};
			name = Release;
		};
		C97D2194289E898A00F007F8 /* Debug */ = {
			isa = XCBuildConfiguration;
			baseConfigurationReference = C97D21FE28A11CFA00F007F8 /* ProcessService.xcconfig */;
			buildSettings = {
				CODE_SIGN_STYLE = Automatic;
				COMBINE_HIDPI_IMAGES = YES;
				DEVELOPMENT_TEAM = 77X93NZ3G2;
				ENABLE_HARDENED_RUNTIME = YES;
				GENERATE_INFOPLIST_FILE = YES;
				PRODUCT_NAME = "$(TARGET_NAME)";
				SKIP_INSTALL = YES;
				SWIFT_EMIT_LOC_STRINGS = YES;
			};
			name = Debug;
		};
		C97D2195289E898A00F007F8 /* Release */ = {
			isa = XCBuildConfiguration;
			baseConfigurationReference = C97D21FE28A11CFA00F007F8 /* ProcessService.xcconfig */;
			buildSettings = {
				CODE_SIGN_STYLE = Automatic;
				COMBINE_HIDPI_IMAGES = YES;
				DEVELOPMENT_TEAM = 77X93NZ3G2;
				ENABLE_HARDENED_RUNTIME = YES;
				GENERATE_INFOPLIST_FILE = YES;
				PRODUCT_NAME = "$(TARGET_NAME)";
				SKIP_INSTALL = YES;
				SWIFT_EMIT_LOC_STRINGS = YES;
			};
			name = Release;
		};
/* End XCBuildConfiguration section */

/* Begin XCConfigurationList section */
		C97D2129289E712800F007F8 /* Build configuration list for PBXProject "ChimeKit" */ = {
			isa = XCConfigurationList;
			buildConfigurations = (
				C97D2141289E712800F007F8 /* Debug */,
				C97D2142289E712800F007F8 /* Release */,
			);
			defaultConfigurationIsVisible = 0;
			defaultConfigurationName = Release;
		};
		C97D2143289E712800F007F8 /* Build configuration list for PBXNativeTarget "ChimeKit" */ = {
			isa = XCConfigurationList;
			buildConfigurations = (
				C97D2144289E712800F007F8 /* Debug */,
				C97D2145289E712800F007F8 /* Release */,
			);
			defaultConfigurationIsVisible = 0;
			defaultConfigurationName = Release;
		};
		C97D217C289E849300F007F8 /* Build configuration list for PBXAggregateTarget "XCFramework" */ = {
			isa = XCConfigurationList;
			buildConfigurations = (
				C97D217D289E849300F007F8 /* Debug */,
				C97D217E289E849300F007F8 /* Release */,
			);
			defaultConfigurationIsVisible = 0;
			defaultConfigurationName = Release;
		};
		C97D2193289E898A00F007F8 /* Build configuration list for PBXNativeTarget "ProcessService" */ = {
			isa = XCConfigurationList;
			buildConfigurations = (
				C97D2194289E898A00F007F8 /* Debug */,
				C97D2195289E898A00F007F8 /* Release */,
			);
			defaultConfigurationIsVisible = 0;
			defaultConfigurationName = Release;
		};
/* End XCConfigurationList section */

/* Begin XCRemoteSwiftPackageReference section */
		C97D2152289E757000F007F8 /* XCRemoteSwiftPackageReference "ConcurrencyPlus" */ = {
			isa = XCRemoteSwiftPackageReference;
			repositoryURL = "https://github.com/ChimeHQ/ConcurrencyPlus.git";
			requirement = {
				kind = upToNextMajorVersion;
				minimumVersion = 0.2.3;
			};
		};
		C97D21AA289EA73100F007F8 /* XCRemoteSwiftPackageReference "ProcessEnv" */ = {
			isa = XCRemoteSwiftPackageReference;
			repositoryURL = "https://github.com/ChimeHQ/ProcessEnv.git";
			requirement = {
				kind = upToNextMajorVersion;
				minimumVersion = 0.3.0;
			};
		};
		C9930B2F28A3C3A1009227E6 /* XCRemoteSwiftPackageReference "ChimeKit" */ = {
			isa = XCRemoteSwiftPackageReference;
			repositoryURL = "https://github.com/ChimeHQ/ChimeKit";
			requirement = {
				branch = main;
				kind = branch;
			};
		};
/* End XCRemoteSwiftPackageReference section */

/* Begin XCSwiftPackageProductDependency section */
		C9285FA128A155B20071B04B /* ProcessServiceServer */ = {
			isa = XCSwiftPackageProductDependency;
			productName = ProcessServiceServer;
		};
		C9285FA328A155B70071B04B /* ProcessServiceServer */ = {
			isa = XCSwiftPackageProductDependency;
			productName = ProcessServiceServer;
		};
		C9285FA528A15E8B0071B04B /* ProcessServiceClient */ = {
			isa = XCSwiftPackageProductDependency;
			productName = ProcessServiceClient;
		};
		C9285FA728A15E910071B04B /* ProcessServiceClient */ = {
			isa = XCSwiftPackageProductDependency;
			productName = ProcessServiceClient;
		};
		C9285FAC28A15F220071B04B /* ChimeExtensionInterface */ = {
			isa = XCSwiftPackageProductDependency;
			productName = ChimeExtensionInterface;
		};
		C9285FB528A169E50071B04B /* ChimeLSPAdapter */ = {
			isa = XCSwiftPackageProductDependency;
			productName = ChimeLSPAdapter;
		};
		C97D2153289E757000F007F8 /* ConcurrencyPlus */ = {
			isa = XCSwiftPackageProductDependency;
			package = C97D2152289E757000F007F8 /* XCRemoteSwiftPackageReference "ConcurrencyPlus" */;
			productName = ConcurrencyPlus;
		};
		C97D21AB289EA73100F007F8 /* ProcessEnv */ = {
			isa = XCSwiftPackageProductDependency;
			package = C97D21AA289EA73100F007F8 /* XCRemoteSwiftPackageReference "ProcessEnv" */;
			productName = ProcessEnv;
		};
		C97D220828A11F2200F007F8 /* ConcurrencyPlus */ = {
			isa = XCSwiftPackageProductDependency;
			package = C97D2152289E757000F007F8 /* XCRemoteSwiftPackageReference "ConcurrencyPlus" */;
			productName = ConcurrencyPlus;
		};
		C97D220A28A11F2400F007F8 /* ProcessEnv */ = {
			isa = XCSwiftPackageProductDependency;
			package = C97D21AA289EA73100F007F8 /* XCRemoteSwiftPackageReference "ProcessEnv" */;
			productName = ProcessEnv;
		};
		C97D220D28A11F2900F007F8 /* ProcessEnv */ = {
			isa = XCSwiftPackageProductDependency;
			package = C97D21AA289EA73100F007F8 /* XCRemoteSwiftPackageReference "ProcessEnv" */;
			productName = ProcessEnv;
		};
/* End XCSwiftPackageProductDependency section */
	};
	rootObject = C97D2126289E712800F007F8 /* Project object */;
}
