{
  "pins" : [
    {
      "identity" : "anycodable",
      "kind" : "remoteSourceControl",
      "location" : "https://github.com/Flight-School/AnyCodable",
      "state" : {
        "revision" : "b1a7a8a6186f2fcb28f7bda67cfc545de48b3c80",
        "version" : "0.6.2"
      }
    },
    {
      "identity" : "concurrencyplus",
      "kind" : "remoteSourceControl",
      "location" : "https://github.com/ChimeHQ/ConcurrencyPlus",
      "state" : {
        "revision" : "d603e3f8be17e71d93ec650fb31674b928b26e22",
        "version" : "0.3.3"
      }
    },
    {
      "identity" : "extendable",
      "kind" : "remoteSourceControl",
      "location" : "https://github.com/ChimeHQ/Extendable",
      "state" : {
        "revision" : "1e5f8b3b4e64fcfca4bfd5b0b38679cac7ea14c9",
        "version" : "0.1.1"
      }
    },
    {
      "identity" : "fseventswrapper",
      "kind" : "remoteSourceControl",
      "location" : "https://github.com/Frizlab/FSEventsWrapper",
      "state" : {
        "revision" : "e0c59a2ce2775e5f6642da6d19207445f10112d0",
        "version" : "1.0.2"
      }
    },
    {
      "identity" : "glob",
      "kind" : "remoteSourceControl",
      "location" : "https://github.com/Bouke/Glob",
      "state" : {
        "revision" : "deda6e163d2ff2a8d7e138e2c3326dbd71157faf",
        "version" : "1.0.5"
      }
    },
    {
      "identity" : "jsonrpc",
      "kind" : "remoteSourceControl",
      "location" : "https://github.com/ChimeHQ/JSONRPC",
      "state" : {
        "revision" : "55071da13d109e61584750f39c0941d49711b962",
        "version" : "0.5.0"
      }
    },
    {
      "identity" : "languageclient",
      "kind" : "remoteSourceControl",
      "location" : "https://github.com/ChimeHQ/LanguageClient",
      "state" : {
        "revision" : "f38654cb46d0d8fdc5cfab10d4d05bf4400ea7eb",
        "version" : "0.2.6"
      }
    },
    {
      "identity" : "languageserverprotocol",
      "kind" : "remoteSourceControl",
      "location" : "https://github.com/ChimeHQ/LanguageServerProtocol",
      "state" : {
        "revision" : "5f74d0574f0b56d36ed810b04322329527679219",
        "version" : "0.7.8"
      }
    },
    {
      "identity" : "operationplus",
      "kind" : "remoteSourceControl",
      "location" : "https://github.com/ChimeHQ/OperationPlus",
      "state" : {
        "revision" : "1340f95dce3e93d742497d88db18f8676f4badf4",
        "version" : "1.6.0"
      }
    },
    {
      "identity" : "processenv",
      "kind" : "remoteSourceControl",
      "location" : "https://github.com/ChimeHQ/ProcessEnv",
      "state" : {
        "revision" : "7bcb6c11593be08456f48042fad1a7bf875f217a",
        "version" : "0.3.0"
      }
    },
    {
      "identity" : "processservice",
      "kind" : "remoteSourceControl",
      "location" : "https://github.com/ChimeHQ/ProcessService",
      "state" : {
        "revision" : "43819b09db194d255737a30f24b44474de5c9171",
        "version" : "0.2.1"
      }
    }
  ],
  "version" : 2
}
