{
  "pins" : [
    {
      "identity" : "asyncxpcconnection",
      "kind" : "remoteSourceControl",
      "location" : "https://github.com/ChimeHQ/AsyncXPCConnection",
      "state" : {
        "revision" : "82a0eb00a0d881e6a65cad0acc031c1efd058d06",
        "version" : "1.0.0"
      }
    },
    {
      "identity" : "extendable",
      "kind" : "remoteSourceControl",
      "location" : "https://github.com/ChimeHQ/Extendable",
      "state" : {
        "revision" : "ed81589a7be2b990baf41cbefffd2ac19e669694",
        "version" : "0.2.0"
      }
    },
    {
      "identity" : "fseventswrapper",
      "kind" : "remoteSourceControl",
      "location" : "https://github.com/mattmassicotte/FSEventsWrapper",
      "state" : {
        "branch" : "feature/asyncstream",
        "revision" : "22b2062fca2dc64be8722b28a2bf6fd27986c655"
      }
    },
    {
      "identity" : "globpattern",
      "kind" : "remoteSourceControl",
      "location" : "https://github.com/ChimeHQ/GlobPattern",
      "state" : {
        "revision" : "4ebb9e89e07cc475efa74f87dc6d21f4a9e060f8",
        "version" : "0.1.1"
      }
    },
    {
      "identity" : "jsonrpc",
      "kind" : "remoteSourceControl",
      "location" : "https://github.com/ChimeHQ/JSONRPC",
      "state" : {
        "revision" : "42e5e5dd5aace3885d705f6fad50e60ad4cc3c69"
      }
    },
    {
      "identity" : "languageclient",
      "kind" : "remoteSourceControl",
      "location" : "https://github.com/ChimeHQ/LanguageClient",
      "state" : {
        "revision" : "2ddcd6bcf6417e923e42ec4676a3c10790413ac6"
      }
    },
    {
      "identity" : "languageserverprotocol",
      "kind" : "remoteSourceControl",
      "location" : "https://github.com/ChimeHQ/LanguageServerProtocol",
      "state" : {
        "revision" : "6f05c1b2cc8b3afad83c7cba310b3338199780af"
      }
    },
    {
      "identity" : "processenv",
      "kind" : "remoteSourceControl",
      "location" : "https://github.com/ChimeHQ/ProcessEnv",
      "state" : {
        "revision" : "29487b6581bb785c372c611c943541ef4309d051",
        "version" : "0.3.1"
      }
    },
    {
      "identity" : "queue",
      "kind" : "remoteSourceControl",
      "location" : "https://github.com/mattmassicotte/Queue",
      "state" : {
        "revision" : "8d6f936097888f97011610ced40313655dc5948d",
        "version" : "0.1.4"
      }
    },
    {
      "identity" : "semaphore",
      "kind" : "remoteSourceControl",
      "location" : "https://github.com/groue/Semaphore",
      "state" : {
        "revision" : "f1c4a0acabeb591068dea6cffdd39660b86dec28",
        "version" : "0.0.8"
      }
    }
  ],
  "version" : 2
}
