{
  "pins" : [
    {
      "identity" : "anycodable",
      "kind" : "remoteSourceControl",
      "location" : "https://github.com/Flight-School/AnyCodable",
      "state" : {
        "revision" : "b1a7a8a6186f2fcb28f7bda67cfc545de48b3c80",
        "version" : "0.6.2"
      }
    },
    {
      "identity" : "chimekit",
      "kind" : "remoteSourceControl",
      "location" : "https://github.com/ChimeHQ/ChimeKit",
      "state" : {
        "branch" : "main",
        "revision" : "c8a05c7710858ea0f9fc4e2620332424d2f3dbcb"
      }
    },
    {
      "identity" : "concurrencyplus",
      "kind" : "remoteSourceControl",
      "location" : "https://github.com/ChimeHQ/ConcurrencyPlus",
      "state" : {
        "revision" : "fb4d31826c4c46a0d39451b9c911dfde8fbcc2bd",
        "version" : "0.3.1"
      }
    },
    {
      "identity" : "fseventswrapper",
      "kind" : "remoteSourceControl",
      "location" : "https://github.com/Frizlab/FSEventsWrapper",
      "state" : {
        "revision" : "e0c59a2ce2775e5f6642da6d19207445f10112d0",
        "version" : "1.0.2"
      }
    },
    {
      "identity" : "glob",
      "kind" : "remoteSourceControl",
      "location" : "https://github.com/Bouke/Glob",
      "state" : {
        "revision" : "deda6e163d2ff2a8d7e138e2c3326dbd71157faf",
        "version" : "1.0.5"
      }
    },
    {
      "identity" : "jsonrpc",
      "kind" : "remoteSourceControl",
      "location" : "https://github.com/ChimeHQ/JSONRPC",
      "state" : {
        "revision" : "55071da13d109e61584750f39c0941d49711b962",
        "version" : "0.5.0"
      }
    },
    {
      "identity" : "languageclient",
      "kind" : "remoteSourceControl",
      "location" : "https://github.com/ChimeHQ/LanguageClient",
      "state" : {
        "revision" : "0b07e46129d2314ef284bb3eccd1ae4f4f6fddd1",
        "version" : "0.2.4"
      }
    },
    {
      "identity" : "languageserverprotocol",
      "kind" : "remoteSourceControl",
      "location" : "https://github.com/ChimeHQ/LanguageServerProtocol",
      "state" : {
        "revision" : "4fb0b0f2f4cb9ac72ef43f5dafb1db2dcaafc496",
        "version" : "0.7.4"
      }
    },
    {
      "identity" : "operationplus",
      "kind" : "remoteSourceControl",
      "location" : "https://github.com/ChimeHQ/OperationPlus",
      "state" : {
        "revision" : "1340f95dce3e93d742497d88db18f8676f4badf4",
        "version" : "1.6.0"
      }
    },
    {
      "identity" : "processenv",
      "kind" : "remoteSourceControl",
      "location" : "https://github.com/ChimeHQ/ProcessEnv.git",
      "state" : {
        "revision" : "7bcb6c11593be08456f48042fad1a7bf875f217a",
        "version" : "0.3.0"
      }
    },
    {
      "identity" : "processservice",
      "kind" : "remoteSourceControl",
      "location" : "https://github.com/ChimeHQ/ProcessService",
      "state" : {
        "revision" : "17cfe72723748abeacd3bbd3a2f089318927daa0",
        "version" : "0.1.0"
      }
    }
  ],
  "version" : 2
}
